{
  "name": "tidyblocks",
  "version": "0.2.0",
  "lockfileVersion": 1,
  "requires": true,
  "dependencies": {
    "@data-forge/serialization": {
      "version": "1.0.1",
      "resolved": "https://registry.npmjs.org/@data-forge/serialization/-/serialization-1.0.1.tgz",
      "integrity": "sha512-EP7IWimh5JcDOISVoXvNIjUAqcPN1FkNWvuvjY3uzcswErxB8j93ldlUBvgvGEszqFRwMM3fpMF0HrISg5iBSQ=="
    },
    "assertion-error": {
      "version": "1.1.0",
      "resolved": "https://registry.npmjs.org/assertion-error/-/assertion-error-1.1.0.tgz",
      "integrity": "sha512-jgsaNduz+ndvGyFt3uSuWqvy4lCnIJiovtouQN5JZHOKCS2QuhEdbcQHFhVksz2N2U9hXJo8odG7ETyWlEeuDw=="
    },
    "caller-id": {
      "version": "0.1.0",
      "resolved": "https://registry.npmjs.org/caller-id/-/caller-id-0.1.0.tgz",
      "integrity": "sha1-Wb2sCJPRLDhxQIJ5Ix+XRYNk8Hs=",
      "requires": {
        "stack-trace": "~0.0.7"
      }
    },
    "chai": {
      "version": "4.1.2",
      "resolved": "https://registry.npmjs.org/chai/-/chai-4.1.2.tgz",
      "integrity": "sha1-D2RYS6ZC8PKs4oBiefTwbKI61zw=",
      "requires": {
        "assertion-error": "^1.0.1",
        "check-error": "^1.0.1",
        "deep-eql": "^3.0.0",
        "get-func-name": "^2.0.0",
        "pathval": "^1.0.0",
        "type-detect": "^4.0.0"
      }
    },
    "check-error": {
      "version": "1.0.2",
      "resolved": "https://registry.npmjs.org/check-error/-/check-error-1.0.2.tgz",
      "integrity": "sha1-V00xLt2Iu13YkS6Sht1sCu1KrII="
    },
    "clone": {
      "version": "1.0.4",
      "resolved": "https://registry.npmjs.org/clone/-/clone-1.0.4.tgz",
      "integrity": "sha1-2jCcwmPfFZlMaIypAheco8fNfH4=",
      "optional": true
    },
    "data-forge": {
      "version": "1.7.2",
      "resolved": "https://registry.npmjs.org/data-forge/-/data-forge-1.7.2.tgz",
      "integrity": "sha512-LjqSxbcKPuDhtxbLpJ0Gx/91aRgLt2n8j8esdf1fsCSvOHD2rdd5Kcjv+sEZEliq4m2FwCtxzJ7KxgjZMWkC9Q==",
      "requires": {
        "@data-forge/serialization": "^1.0.0",
        "chai": "4.1.2",
        "dayjs": "^1.8.12",
        "easy-table": "1.1.0",
        "mock-require": "2.0.2",
        "numeral": "^2.0.6",
        "papaparse": "4.4.0",
        "statman-stopwatch": "2.7.0",
        "typy": "^3.0.1"
      }
    },
    "dayjs": {
      "version": "1.8.14",
      "resolved": "https://registry.npmjs.org/dayjs/-/dayjs-1.8.14.tgz",
      "integrity": "sha512-AVhDmRTe541iWirnoeFSSDDGvCT6HWaNQ4z2WmmzXMGZj6ph6ydao2teKq/eUtR43GPJXlYFD+C/SotG1P9wUQ=="
    },
    "deep-eql": {
      "version": "3.0.1",
      "resolved": "https://registry.npmjs.org/deep-eql/-/deep-eql-3.0.1.tgz",
      "integrity": "sha512-+QeIQyN5ZuO+3Uk5DYh6/1eKO0m0YmJFGNmFHGACpf1ClL1nmlV/p4gNgbl2pJGxgXb4faqo6UE+M5ACEMyVcw==",
      "requires": {
        "type-detect": "^4.0.0"
      }
    },
    "defaults": {
      "version": "1.0.3",
      "resolved": "https://registry.npmjs.org/defaults/-/defaults-1.0.3.tgz",
      "integrity": "sha1-xlYFHpgX2f8I7YgUd/P+QBnz730=",
      "optional": true,
      "requires": {
        "clone": "^1.0.2"
      }
    },
    "easy-table": {
      "version": "1.1.0",
      "resolved": "https://registry.npmjs.org/easy-table/-/easy-table-1.1.0.tgz",
      "integrity": "sha1-hvmrTBAvA3G3KXuSplHVgkvIy3M=",
      "requires": {
        "wcwidth": ">=1.0.1"
      }
    },
    "get-func-name": {
      "version": "2.0.0",
      "resolved": "https://registry.npmjs.org/get-func-name/-/get-func-name-2.0.0.tgz",
      "integrity": "sha1-6td0q+5y4gQJQzoGY2YCPdaIekE="
    },
    "lodash.isboolean": {
      "version": "3.0.3",
      "resolved": "https://registry.npmjs.org/lodash.isboolean/-/lodash.isboolean-3.0.3.tgz",
      "integrity": "sha1-bC4XHbKiV82WgC/UOwGyDV9YcPY="
    },
    "lodash.isempty": {
      "version": "4.4.0",
      "resolved": "https://registry.npmjs.org/lodash.isempty/-/lodash.isempty-4.4.0.tgz",
      "integrity": "sha1-b4bL7di+TsmHvpqvM8loTbGzHn4="
    },
    "mock-require": {
      "version": "2.0.2",
      "resolved": "https://registry.npmjs.org/mock-require/-/mock-require-2.0.2.tgz",
      "integrity": "sha1-HqpxqtIwE3c9En3H6Ro/u0g31g0=",
      "requires": {
        "caller-id": "^0.1.0"
      }
    },
    "numeral": {
      "version": "2.0.6",
      "resolved": "https://registry.npmjs.org/numeral/-/numeral-2.0.6.tgz",
      "integrity": "sha1-StCAk21EPCVhrtnyGX7//iX05QY="
    },
    "papaparse": {
      "version": "4.4.0",
      "resolved": "https://registry.npmjs.org/papaparse/-/papaparse-4.4.0.tgz",
      "integrity": "sha1-a829qAhz4Az7C9zXpFcccqmkAWg="
    },
    "pathval": {
      "version": "1.1.0",
      "resolved": "https://registry.npmjs.org/pathval/-/pathval-1.1.0.tgz",
      "integrity": "sha1-uULm1L3mUwBe9rcTYd74cn0GReA="
    },
    "performance-now": {
      "version": "2.1.0",
      "resolved": "https://registry.npmjs.org/performance-now/-/performance-now-2.1.0.tgz",
      "integrity": "sha1-Ywn04OX6kT7BxpMHrjZLSzd8nns="
    },
    "stack-trace": {
      "version": "0.0.10",
      "resolved": "https://registry.npmjs.org/stack-trace/-/stack-trace-0.0.10.tgz",
      "integrity": "sha1-VHxws0fo0ytOEI6hoqFZ5f3eGcA="
    },
    "statman-stopwatch": {
      "version": "2.7.0",
      "resolved": "https://registry.npmjs.org/statman-stopwatch/-/statman-stopwatch-2.7.0.tgz",
      "integrity": "sha1-z6fCA0IKs4BNjSsHRcwFGaYM8UM=",
      "requires": {
        "lodash.isboolean": "^3.0.3",
        "lodash.isempty": "^4.4.0",
        "performance-now": "^2.0.0",
        "string-template": "^1.0.0",
        "uuid": "^3.0.1"
      }
    },
    "string-template": {
      "version": "1.0.0",
      "resolved": "https://registry.npmjs.org/string-template/-/string-template-1.0.0.tgz",
      "integrity": "sha1-np8iM9wA8hhxjsN5oopWc+zKi5Y="
    },
    "type-detect": {
      "version": "4.0.8",
      "resolved": "https://registry.npmjs.org/type-detect/-/type-detect-4.0.8.tgz",
      "integrity": "sha512-0fr/mIH1dlO+x7TlcMy+bIDqKPsw/70tVyeHW787goQjhmqaZe10uwLujubK9q9Lg6Fiho1KUKDYz0Z7k7g5/g=="
    },
    "typy": {
      "version": "3.1.0",
      "resolved": "https://registry.npmjs.org/typy/-/typy-3.1.0.tgz",
      "integrity": "sha512-MVkI+MogMlQG+3droGyFuqFQlwgKgVMBNjQdVBpV1P1Qxlo1cohLILlsjeaS0rT3xqRJPMhFjRMT15q61jR0fw=="
    },
    "uuid": {
      "version": "3.3.2",
      "resolved": "https://registry.npmjs.org/uuid/-/uuid-3.3.2.tgz",
      "integrity": "sha512-yXJmeNaw3DnnKAOKJE51sL/ZaYfWJRl1pK9dr19YFCu0ObS231AB1/LbqTKRAQ5kw8A90rA6fr4riOUpTZvQZA=="
    },
    "wcwidth": {
      "version": "1.0.1",
      "resolved": "https://registry.npmjs.org/wcwidth/-/wcwidth-1.0.1.tgz",
      "integrity": "sha1-8LDc+RW8X/FSivrbLA4XtTLaL+g=",
      "optional": true,
      "requires": {
        "defaults": "^1.0.3"
      }
    }
  }
}
